
Microsoft Visual Studio Solution File, Format Version 12.00
# Visual Studio Version 17
VisualStudioVersion = 17.7.34202.233
MinimumVisualStudioVersion = 10.0.40219.1
Project("{888888A0-9F3D-457C-B088-3A5042F75D52}") = "keras_training", "keras_training.pyproj", "{7D59D0D4-B38E-47A4-9EFB-86200AE57D5A}"
EndProject
Global
	GlobalSection(SolutionConfigurationPlatforms) = preSolution
		Debug|Any CPU = Debug|Any CPU
		Release|Any CPU = Release|Any CPU
	EndGlobalSection
	GlobalSection(ProjectConfigurationPlatforms) = postSolution
		{7D59D0D4-B38E-47A4-9EFB-86200AE57D5A}.Debug|Any CPU.ActiveCfg = Debug|Any CPU
		{7D59D0D4-B38E-47A4-9EFB-86200AE57D5A}.Release|Any CPU.ActiveCfg = Release|Any CPU
	EndGlobalSection
	GlobalSection(SolutionProperties) = preSolution
		HideSolutionNode = FALSE
	EndGlobalSection
	GlobalSection(ExtensibilityGlobals) = postSolution
		SolutionGuid = {B1D16A22-0AF7-4661-9F33-8D5345EBE5C7}
	EndGlobalSection
EndGlobal
